
Microsoft Visual Studio Solution File, Format Version 12.00
# Visual Studio 14
VisualStudioVersion = 14.0.24720.0
MinimumVisualStudioVersion = 10.0.40219.1
Project("{FAE04EC0-301F-11D3-BF4B-00C04F79EFBC}") = "CakeExample", "CakeExample\CakeExample.csproj", "{151FB8E7-6ABA-48AF-800E-CB7D3D64FBC2}"
EndProject
Project("{FAE04EC0-301F-11D3-BF4B-00C04F79EFBC}") = "CodeCakeBuilder", "CodeCakeBuilder\CodeCakeBuilder.csproj", "{FD4817B6-3CD7-4E74-AA10-7CA95FDFCF2D}"
EndProject
Project("{FAE04EC0-301F-11D3-BF4B-00C04F79EFBC}") = "CakeExample.Tests", "CakeExample.Tests\CakeExample.Tests.csproj", "{E588B8C9-14F8-416F-836B-F52C974F83EF}"
EndProject
Global
	GlobalSection(SolutionConfigurationPlatforms) = preSolution
		Debug|Any CPU = Debug|Any CPU
		Release|Any CPU = Release|Any CPU
	EndGlobalSection
	GlobalSection(ProjectConfigurationPlatforms) = postSolution
		{151FB8E7-6ABA-48AF-800E-CB7D3D64FBC2}.Debug|Any CPU.ActiveCfg = Debug|Any CPU
		{151FB8E7-6ABA-48AF-800E-CB7D3D64FBC2}.Debug|Any CPU.Build.0 = Debug|Any CPU
		{151FB8E7-6ABA-48AF-800E-CB7D3D64FBC2}.Release|Any CPU.ActiveCfg = Release|Any CPU
		{151FB8E7-6ABA-48AF-800E-CB7D3D64FBC2}.Release|Any CPU.Build.0 = Release|Any CPU
		{FD4817B6-3CD7-4E74-AA10-7CA95FDFCF2D}.Debug|Any CPU.ActiveCfg = Debug|Any CPU
		{FD4817B6-3CD7-4E74-AA10-7CA95FDFCF2D}.Debug|Any CPU.Build.0 = Debug|Any CPU
		{FD4817B6-3CD7-4E74-AA10-7CA95FDFCF2D}.Release|Any CPU.ActiveCfg = Release|Any CPU
		{FD4817B6-3CD7-4E74-AA10-7CA95FDFCF2D}.Release|Any CPU.Build.0 = Release|Any CPU
		{E588B8C9-14F8-416F-836B-F52C974F83EF}.Debug|Any CPU.ActiveCfg = Debug|Any CPU
		{E588B8C9-14F8-416F-836B-F52C974F83EF}.Debug|Any CPU.Build.0 = Debug|Any CPU
		{E588B8C9-14F8-416F-836B-F52C974F83EF}.Release|Any CPU.ActiveCfg = Release|Any CPU
		{E588B8C9-14F8-416F-836B-F52C974F83EF}.Release|Any CPU.Build.0 = Release|Any CPU
	EndGlobalSection
	GlobalSection(SolutionProperties) = preSolution
		HideSolutionNode = FALSE
	EndGlobalSection
EndGlobal
